
Microsoft Visual Studio Solution File, Format Version 12.00
# Visual Studio Version 16
VisualStudioVersion = 16.0.30320.27
MinimumVisualStudioVersion = 10.0.40219.1
Project("{FAE04EC0-301F-11D3-BF4B-00C04F79EFBC}") = "coords", "coords\coords.csproj", "{964DABCD-0C8E-47E2-AE9B-1D874EC2DCDF}"
EndProject
Project("{FAE04EC0-301F-11D3-BF4B-00C04F79EFBC}") = "coordsTests", "coordsTests\coordsTests.csproj", "{0B7551F0-DAFA-40A0-A87B-6B9B58839F6F}"
EndProject
Global
	GlobalSection(SolutionConfigurationPlatforms) = preSolution
		Debug|Any CPU = Debug|Any CPU
		Release|Any CPU = Release|Any CPU
	EndGlobalSection
	GlobalSection(ProjectConfigurationPlatforms) = postSolution
		{964DABCD-0C8E-47E2-AE9B-1D874EC2DCDF}.Debug|Any CPU.ActiveCfg = Debug|Any CPU
		{964DABCD-0C8E-47E2-AE9B-1D874EC2DCDF}.Debug|Any CPU.Build.0 = Debug|Any CPU
		{964DABCD-0C8E-47E2-AE9B-1D874EC2DCDF}.Release|Any CPU.ActiveCfg = Release|Any CPU
		{964DABCD-0C8E-47E2-AE9B-1D874EC2DCDF}.Release|Any CPU.Build.0 = Release|Any CPU
		{0B7551F0-DAFA-40A0-A87B-6B9B58839F6F}.Debug|Any CPU.ActiveCfg = Debug|Any CPU
		{0B7551F0-DAFA-40A0-A87B-6B9B58839F6F}.Debug|Any CPU.Build.0 = Debug|Any CPU
		{0B7551F0-DAFA-40A0-A87B-6B9B58839F6F}.Release|Any CPU.ActiveCfg = Release|Any CPU
		{0B7551F0-DAFA-40A0-A87B-6B9B58839F6F}.Release|Any CPU.Build.0 = Release|Any CPU
	EndGlobalSection
	GlobalSection(SolutionProperties) = preSolution
		HideSolutionNode = FALSE
	EndGlobalSection
	GlobalSection(ExtensibilityGlobals) = postSolution
		SolutionGuid = {E6DDE94B-BBC0-425D-B92B-3FB3D6DD69A6}
	EndGlobalSection
EndGlobal
